
Microsoft Visual Studio Solution File, Format Version 12.00
Project("{FAE04EC0-301F-11D3-BF4B-00C04F79EFBC}") = "NQueens", "NQueens\NQueens.csproj", "{E6D4836D-B2B4-4740-BD43-9903713ECED0}"
EndProject
Global
	GlobalSection(SolutionConfigurationPlatforms) = preSolution
		Debug|Any CPU = Debug|Any CPU
		Release|Any CPU = Release|Any CPU
	EndGlobalSection
	GlobalSection(ProjectConfigurationPlatforms) = postSolution
		{E6D4836D-B2B4-4740-BD43-9903713ECED0}.Debug|Any CPU.ActiveCfg = Debug|Any CPU
		{E6D4836D-B2B4-4740-BD43-9903713ECED0}.Debug|Any CPU.Build.0 = Debug|Any CPU
		{E6D4836D-B2B4-4740-BD43-9903713ECED0}.Release|Any CPU.ActiveCfg = Release|Any CPU
		{E6D4836D-B2B4-4740-BD43-9903713ECED0}.Release|Any CPU.Build.0 = Release|Any CPU
	EndGlobalSection
EndGlobal
